// !$*UTF8*$!
{
	archiveVersion = 1;
	classes = {
	};
	objectVersion = 46;
	objects = {

/* Begin PBXBuildFile section */
		2C0624721AA2FB4400C902D6 /* EditReferenceView.swift in Sources */ = {isa = PBXBuildFile; fileRef = 2C0624711AA2FB4400C902D6 /* EditReferenceView.swift */; };
		2C09D2AB1AFDCF820005485E /* PDFViewController.swift in Sources */ = {isa = PBXBuildFile; fileRef = 2C09D2AA1AFDCF820005485E /* PDFViewController.swift */; };
		2C09D2B61AFE235D0005485E /* ReferenceListCell.swift in Sources */ = {isa = PBXBuildFile; fileRef = 2C09D2B51AFE235D0005485E /* ReferenceListCell.swift */; };
		2C09D2B81AFE30FD0005485E /* icon_edit.png in Resources */ = {isa = PBXBuildFile; fileRef = 2C09D2B71AFE30FD0005485E /* icon_edit.png */; };
		2C51C6FD1AA184F1006C199A /* AppDelegate.swift in Sources */ = {isa = PBXBuildFile; fileRef = 2C51C6FC1AA184F1006C199A /* AppDelegate.swift */; };
		2C51C7001AA184F2006C199A /* EasyReference_IOS.xcdatamodeld in Sources */ = {isa = PBXBuildFile; fileRef = 2C51C6FE1AA184F2006C199A /* EasyReference_IOS.xcdatamodeld */; };
		2C51C7021AA184F2006C199A /* MainViewController.swift in Sources */ = {isa = PBXBuildFile; fileRef = 2C51C7011AA184F2006C199A /* MainViewController.swift */; };
		2C51C7051AA184F2006C199A /* Main.storyboard in Resources */ = {isa = PBXBuildFile; fileRef = 2C51C7031AA184F2006C199A /* Main.storyboard */; };
		2C51C7071AA184F2006C199A /* Images.xcassets in Resources */ = {isa = PBXBuildFile; fileRef = 2C51C7061AA184F2006C199A /* Images.xcassets */; };
		2C51C70A1AA184F2006C199A /* LaunchScreen.xib in Resources */ = {isa = PBXBuildFile; fileRef = 2C51C7081AA184F2006C199A /* LaunchScreen.xib */; };
		2C51C7161AA184F2006C199A /* EasyReference_IOSTests.swift in Sources */ = {isa = PBXBuildFile; fileRef = 2C51C7151AA184F2006C199A /* EasyReference_IOSTests.swift */; };
		2C66B6841AF4F39900C2EEA4 /* CellSlideInTop.swift in Sources */ = {isa = PBXBuildFile; fileRef = 2C66B6831AF4F39900C2EEA4 /* CellSlideInTop.swift */; };
		2CB1B7C41AB6FFA40018E962 /* AddAuthorViewController.swift in Sources */ = {isa = PBXBuildFile; fileRef = 2CB1B7C31AB6FFA40018E962 /* AddAuthorViewController.swift */; };
		2CB5CFB91AA2A244003A808A /* ReferenceListView.swift in Sources */ = {isa = PBXBuildFile; fileRef = 2CB5CFB81AA2A244003A808A /* ReferenceListView.swift */; };
		2CBE07FE1AB9A5C300379611 /* ReferenceTypeCell.swift in Sources */ = {isa = PBXBuildFile; fileRef = 2CBE07FD1AB9A5C300379611 /* ReferenceTypeCell.swift */; };
		2CBE2F6D1AA1DD120095F95B /* ReferenceList.swift in Sources */ = {isa = PBXBuildFile; fileRef = 2CBE2F6C1AA1DD120095F95B /* ReferenceList.swift */; };
		2CBE2F6F1AA1DD560095F95B /* ReferenceItem.swift in Sources */ = {isa = PBXBuildFile; fileRef = 2CBE2F6E1AA1DD560095F95B /* ReferenceItem.swift */; };
		2CC966E01ABAE1F900087CA2 /* ReferenceTypeCell.xib in Resources */ = {isa = PBXBuildFile; fileRef = 2CC966DF1ABAE1F900087CA2 /* ReferenceTypeCell.xib */; };
		2CC966E51ABAE82000087CA2 /* SelectReferenceTypeViewController.swift in Sources */ = {isa = PBXBuildFile; fileRef = 2CC966E41ABAE82000087CA2 /* SelectReferenceTypeViewController.swift */; };
		2CCA0CAE1AB594FB005D3231 /* ReferenceListHeaderCell.xib in Resources */ = {isa = PBXBuildFile; fileRef = 2CCA0CAD1AB594FB005D3231 /* ReferenceListHeaderCell.xib */; };
		2CCA0CB01AB5969A005D3231 /* ReferenceListHeaderCell.swift in Sources */ = {isa = PBXBuildFile; fileRef = 2CCA0CAF1AB5969A005D3231 /* ReferenceListHeaderCell.swift */; };
		2CD304131AD0D45800F5536A /* icon_book_chapter.png in Resources */ = {isa = PBXBuildFile; fileRef = 2CD304121AD0D45800F5536A /* icon_book_chapter.png */; };
		2CD304151AD0D46300F5536A /* icon_book.png in Resources */ = {isa = PBXBuildFile; fileRef = 2CD304141AD0D46300F5536A /* icon_book.png */; };
		2CD304171AD0D46A00F5536A /* icon_journal.png in Resources */ = {isa = PBXBuildFile; fileRef = 2CD304161AD0D46A00F5536A /* icon_journal.png */; };
		2CD304191AD0D47100F5536A /* webpage.png in Resources */ = {isa = PBXBuildFile; fileRef = 2CD304181AD0D47100F5536A /* webpage.png */; };
		2CE6F8161AC65130005FB573 /* EditReferenceCell.xib in Resources */ = {isa = PBXBuildFile; fileRef = 2CE6F8151AC65130005FB573 /* EditReferenceCell.xib */; };
		2CE6F8181AC65140005FB573 /* EditReferenceAuthorCell.xib in Resources */ = {isa = PBXBuildFile; fileRef = 2CE6F8171AC65140005FB573 /* EditReferenceAuthorCell.xib */; };
		2CE6F81B1AC658B1005FB573 /* EditReferenceCell.swift in Sources */ = {isa = PBXBuildFile; fileRef = 2CE6F81A1AC658B1005FB573 /* EditReferenceCell.swift */; };
		2CE6F81D1AC65A62005FB573 /* EditReferenceAuthorCell.swift in Sources */ = {isa = PBXBuildFile; fileRef = 2CE6F81C1AC65A62005FB573 /* EditReferenceAuthorCell.swift */; };
/* End PBXBuildFile section */

/* Begin PBXContainerItemProxy section */
		2C51C7101AA184F2006C199A /* PBXContainerItemProxy */ = {
			isa = PBXContainerItemProxy;
			containerPortal = 2C51C6EF1AA184F1006C199A /* Project object */;
			proxyType = 1;
			remoteGlobalIDString = 2C51C6F61AA184F1006C199A;
			remoteInfo = "EasyReference-IOS";
		};
/* End PBXContainerItemProxy section */

/* Begin PBXFileReference section */
		2C0624711AA2FB4400C902D6 /* EditReferenceView.swift */ = {isa = PBXFileReference; fileEncoding = 4; lastKnownFileType = sourcecode.swift; path = EditReferenceView.swift; sourceTree = "<group>"; };
		2C09D2AA1AFDCF820005485E /* PDFViewController.swift */ = {isa = PBXFileReference; fileEncoding = 4; lastKnownFileType = sourcecode.swift; path = PDFViewController.swift; sourceTree = "<group>"; };
		2C09D2B51AFE235D0005485E /* ReferenceListCell.swift */ = {isa = PBXFileReference; fileEncoding = 4; lastKnownFileType = sourcecode.swift; path = ReferenceListCell.swift; sourceTree = "<group>"; };
		2C09D2B71AFE30FD0005485E /* icon_edit.png */ = {isa = PBXFileReference; lastKnownFileType = image.png; name = icon_edit.png; path = Images/icon_edit.png; sourceTree = SOURCE_ROOT; };
		2C51C6F71AA184F1006C199A /* EasyReference-IOS.app */ = {isa = PBXFileReference; explicitFileType = wrapper.application; includeInIndex = 0; path = "EasyReference-IOS.app"; sourceTree = BUILT_PRODUCTS_DIR; };
		2C51C6FB1AA184F1006C199A /* Info.plist */ = {isa = PBXFileReference; lastKnownFileType = text.plist.xml; path = Info.plist; sourceTree = "<group>"; };
		2C51C6FC1AA184F1006C199A /* AppDelegate.swift */ = {isa = PBXFileReference; lastKnownFileType = sourcecode.swift; path = AppDelegate.swift; sourceTree = "<group>"; };
		2C51C6FF1AA184F2006C199A /* EasyReference_IOS.xcdatamodel */ = {isa = PBXFileReference; lastKnownFileType = wrapper.xcdatamodel; path = EasyReference_IOS.xcdatamodel; sourceTree = "<group>"; };
		2C51C7011AA184F2006C199A /* MainViewController.swift */ = {isa = PBXFileReference; lastKnownFileType = sourcecode.swift; path = MainViewController.swift; sourceTree = "<group>"; };
		2C51C7041AA184F2006C199A /* Base */ = {isa = PBXFileReference; lastKnownFileType = file.storyboard; name = Base; path = Base.lproj/Main.storyboard; sourceTree = "<group>"; };
		2C51C7061AA184F2006C199A /* Images.xcassets */ = {isa = PBXFileReference; lastKnownFileType = folder.assetcatalog; path = Images.xcassets; sourceTree = "<group>"; };
		2C51C7091AA184F2006C199A /* Base */ = {isa = PBXFileReference; lastKnownFileType = file.xib; name = Base; path = Base.lproj/LaunchScreen.xib; sourceTree = "<group>"; };
		2C51C70F1AA184F2006C199A /* EasyReference-IOSTests.xctest */ = {isa = PBXFileReference; explicitFileType = wrapper.cfbundle; includeInIndex = 0; path = "EasyReference-IOSTests.xctest"; sourceTree = BUILT_PRODUCTS_DIR; };
		2C51C7141AA184F2006C199A /* Info.plist */ = {isa = PBXFileReference; lastKnownFileType = text.plist.xml; path = Info.plist; sourceTree = "<group>"; };
		2C51C7151AA184F2006C199A /* EasyReference_IOSTests.swift */ = {isa = PBXFileReference; lastKnownFileType = sourcecode.swift; path = EasyReference_IOSTests.swift; sourceTree = "<group>"; };
		2C66B6831AF4F39900C2EEA4 /* CellSlideInTop.swift */ = {isa = PBXFileReference; fileEncoding = 4; lastKnownFileType = sourcecode.swift; path = CellSlideInTop.swift; sourceTree = "<group>"; };
		2CB1B7C31AB6FFA40018E962 /* AddAuthorViewController.swift */ = {isa = PBXFileReference; fileEncoding = 4; lastKnownFileType = sourcecode.swift; path = AddAuthorViewController.swift; sourceTree = "<group>"; };
		2CB5CFB81AA2A244003A808A /* ReferenceListView.swift */ = {isa = PBXFileReference; fileEncoding = 4; lastKnownFileType = sourcecode.swift; name = ReferenceListView.swift; path = ../ReferenceListView.swift; sourceTree = "<group>"; };
		2CBE07FD1AB9A5C300379611 /* ReferenceTypeCell.swift */ = {isa = PBXFileReference; fileEncoding = 4; lastKnownFileType = sourcecode.swift; path = ReferenceTypeCell.swift; sourceTree = "<group>"; };
		2CBE2F6C1AA1DD120095F95B /* ReferenceList.swift */ = {isa = PBXFileReference; fileEncoding = 4; lastKnownFileType = sourcecode.swift; path = ReferenceList.swift; sourceTree = "<group>"; };
		2CBE2F6E1AA1DD560095F95B /* ReferenceItem.swift */ = {isa = PBXFileReference; fileEncoding = 4; lastKnownFileType = sourcecode.swift; path = ReferenceItem.swift; sourceTree = "<group>"; };
		2CC966DF1ABAE1F900087CA2 /* ReferenceTypeCell.xib */ = {isa = PBXFileReference; fileEncoding = 4; lastKnownFileType = file.xib; path = ReferenceTypeCell.xib; sourceTree = "<group>"; };
		2CC966E41ABAE82000087CA2 /* SelectReferenceTypeViewController.swift */ = {isa = PBXFileReference; fileEncoding = 4; lastKnownFileType = sourcecode.swift; path = SelectReferenceTypeViewController.swift; sourceTree = "<group>"; };
		2CCA0CAD1AB594FB005D3231 /* ReferenceListHeaderCell.xib */ = {isa = PBXFileReference; fileEncoding = 4; lastKnownFileType = file.xib; path = ReferenceListHeaderCell.xib; sourceTree = "<group>"; };
		2CCA0CAF1AB5969A005D3231 /* ReferenceListHeaderCell.swift */ = {isa = PBXFileReference; fileEncoding = 4; lastKnownFileType = sourcecode.swift; path = ReferenceListHeaderCell.swift; sourceTree = "<group>"; };
		2CD304121AD0D45800F5536A /* icon_book_chapter.png */ = {isa = PBXFileReference; lastKnownFileType = image.png; name = icon_book_chapter.png; path = Images/icon_book_chapter.png; sourceTree = SOURCE_ROOT; };
		2CD304141AD0D46300F5536A /* icon_book.png */ = {isa = PBXFileReference; lastKnownFileType = image.png; name = icon_book.png; path = Images/icon_book.png; sourceTree = SOURCE_ROOT; };
		2CD304161AD0D46A00F5536A /* icon_journal.png */ = {isa = PBXFileReference; lastKnownFileType = image.png; name = icon_journal.png; path = Images/icon_journal.png; sourceTree = SOURCE_ROOT; };
		2CD304181AD0D47100F5536A /* webpage.png */ = {isa = PBXFileReference; lastKnownFileType = image.png; name = webpage.png; path = Images/webpage.png; sourceTree = SOURCE_ROOT; };
		2CE6F8151AC65130005FB573 /* EditReferenceCell.xib */ = {isa = PBXFileReference; fileEncoding = 4; lastKnownFileType = file.xib; path = EditReferenceCell.xib; sourceTree = "<group>"; };
		2CE6F8171AC65140005FB573 /* EditReferenceAuthorCell.xib */ = {isa = PBXFileReference; fileEncoding = 4; lastKnownFileType = file.xib; path = EditReferenceAuthorCell.xib; sourceTree = "<group>"; };
		2CE6F81A1AC658B1005FB573 /* EditReferenceCell.swift */ = {isa = PBXFileReference; fileEncoding = 4; lastKnownFileType = sourcecode.swift; path = EditReferenceCell.swift; sourceTree = "<group>"; };
		2CE6F81C1AC65A62005FB573 /* EditReferenceAuthorCell.swift */ = {isa = PBXFileReference; fileEncoding = 4; lastKnownFileType = sourcecode.swift; path = EditReferenceAuthorCell.swift; sourceTree = "<group>"; };
/* End PBXFileReference section */

/* Begin PBXFrameworksBuildPhase section */
		2C51C6F41AA184F1006C199A /* Frameworks */ = {
			isa = PBXFrameworksBuildPhase;
			buildActionMask = 2147483647;
			files = (
			);
			runOnlyForDeploymentPostprocessing = 0;
		};
		2C51C70C1AA184F2006C199A /* Frameworks */ = {
			isa = PBXFrameworksBuildPhase;
			buildActionMask = 2147483647;
			files = (
			);
			runOnlyForDeploymentPostprocessing = 0;
		};
/* End PBXFrameworksBuildPhase section */

/* Begin PBXGroup section */
		2C51C6EE1AA184F1006C199A = {
			isa = PBXGroup;
			children = (
				2C51C6F91AA184F1006C199A /* EasyReference-IOS */,
				2C51C7121AA184F2006C199A /* EasyReference-IOSTests */,
				2C51C6F81AA184F1006C199A /* Products */,
			);
			sourceTree = "<group>";
		};
		2C51C6F81AA184F1006C199A /* Products */ = {
			isa = PBXGroup;
			children = (
				2C51C6F71AA184F1006C199A /* EasyReference-IOS.app */,
				2C51C70F1AA184F2006C199A /* EasyReference-IOSTests.xctest */,
			);
			name = Products;
			sourceTree = "<group>";
		};
		2C51C6F91AA184F1006C199A /* EasyReference-IOS */ = {
			isa = PBXGroup;
			children = (
				2C66B6801AF4F38200C2EEA4 /* Animations */,
				2CCA0CAC1AB594CA005D3231 /* CustomCells */,
				2CB5CFBB1AA2A348003A808A /* Models */,
				2CB5CFBA1AA2A32D003A808A /* ViewControllers */,
				2C51C6FC1AA184F1006C199A /* AppDelegate.swift */,
				2C51C7031AA184F2006C199A /* Main.storyboard */,
				2C51C7061AA184F2006C199A /* Images.xcassets */,
				2C51C7081AA184F2006C199A /* LaunchScreen.xib */,
				2C51C6FE1AA184F2006C199A /* EasyReference_IOS.xcdatamodeld */,
				2C51C6FA1AA184F1006C199A /* Supporting Files */,
			);
			path = "EasyReference-IOS";
			sourceTree = "<group>";
		};
		2C51C6FA1AA184F1006C199A /* Supporting Files */ = {
			isa = PBXGroup;
			children = (
				2C09D2B71AFE30FD0005485E /* icon_edit.png */,
				2CD304181AD0D47100F5536A /* webpage.png */,
				2CD304161AD0D46A00F5536A /* icon_journal.png */,
				2CD304141AD0D46300F5536A /* icon_book.png */,
				2CD304121AD0D45800F5536A /* icon_book_chapter.png */,
				2C51C6FB1AA184F1006C199A /* Info.plist */,
			);
			name = "Supporting Files";
			sourceTree = "<group>";
		};
		2C51C7121AA184F2006C199A /* EasyReference-IOSTests */ = {
			isa = PBXGroup;
			children = (
				2C51C7151AA184F2006C199A /* EasyReference_IOSTests.swift */,
				2C51C7131AA184F2006C199A /* Supporting Files */,
			);
			path = "EasyReference-IOSTests";
			sourceTree = "<group>";
		};
		2C51C7131AA184F2006C199A /* Supporting Files */ = {
			isa = PBXGroup;
			children = (
				2C51C7141AA184F2006C199A /* Info.plist */,
			);
			name = "Supporting Files";
			sourceTree = "<group>";
		};
		2C66B6801AF4F38200C2EEA4 /* Animations */ = {
			isa = PBXGroup;
			children = (
				2C66B6831AF4F39900C2EEA4 /* CellSlideInTop.swift */,
			);
			name = Animations;
			sourceTree = "<group>";
		};
		2CB5CFBA1AA2A32D003A808A /* ViewControllers */ = {
			isa = PBXGroup;
			children = (
				2C0624711AA2FB4400C902D6 /* EditReferenceView.swift */,
				2C51C7011AA184F2006C199A /* MainViewController.swift */,
				2CB5CFB81AA2A244003A808A /* ReferenceListView.swift */,
				2CB1B7C31AB6FFA40018E962 /* AddAuthorViewController.swift */,
				2CC966E41ABAE82000087CA2 /* SelectReferenceTypeViewController.swift */,
				2C09D2AA1AFDCF820005485E /* PDFViewController.swift */,
			);
			name = ViewControllers;
			sourceTree = "<group>";
		};
		2CB5CFBB1AA2A348003A808A /* Models */ = {
			isa = PBXGroup;
			children = (
				2CBE2F6C1AA1DD120095F95B /* ReferenceList.swift */,
				2CBE2F6E1AA1DD560095F95B /* ReferenceItem.swift */,
			);
			name = Models;
			sourceTree = "<group>";
		};
		2CC966E21ABAE43800087CA2 /* ReferenceListHeader */ = {
			isa = PBXGroup;
			children = (
				2CCA0CAD1AB594FB005D3231 /* ReferenceListHeaderCell.xib */,
				2CCA0CAF1AB5969A005D3231 /* ReferenceListHeaderCell.swift */,
			);
			name = ReferenceListHeader;
			sourceTree = "<group>";
		};
		2CC966E31ABAE44200087CA2 /* ReferenceType */ = {
			isa = PBXGroup;
			children = (
				2CC966DF1ABAE1F900087CA2 /* ReferenceTypeCell.xib */,
				2CBE07FD1AB9A5C300379611 /* ReferenceTypeCell.swift */,
			);
			name = ReferenceType;
			sourceTree = "<group>";
		};
		2CCA0CAC1AB594CA005D3231 /* CustomCells */ = {
			isa = PBXGroup;
			children = (
				2CC966E21ABAE43800087CA2 /* ReferenceListHeader */,
				2CC966E31ABAE44200087CA2 /* ReferenceType */,
				2CE6F8191AC653AC005FB573 /* EditReferenceCells */,
				2C09D2B51AFE235D0005485E /* ReferenceListCell.swift */,
			);
			name = CustomCells;
			sourceTree = "<group>";
		};
		2CE6F8191AC653AC005FB573 /* EditReferenceCells */ = {
			isa = PBXGroup;
			children = (
				2CE6F81F1AC65C85005FB573 /* EditReferenceCell */,
				2CE6F8201AC65C8F005FB573 /* EditReferenceAuthorCell */,
			);
			name = EditReferenceCells;
			sourceTree = "<group>";
		};
		2CE6F81F1AC65C85005FB573 /* EditReferenceCell */ = {
			isa = PBXGroup;
			children = (
				2CE6F8151AC65130005FB573 /* EditReferenceCell.xib */,
				2CE6F81A1AC658B1005FB573 /* EditReferenceCell.swift */,
			);
			name = EditReferenceCell;
			sourceTree = "<group>";
		};
		2CE6F8201AC65C8F005FB573 /* EditReferenceAuthorCell */ = {
			isa = PBXGroup;
			children = (
				2CE6F8171AC65140005FB573 /* EditReferenceAuthorCell.xib */,
				2CE6F81C1AC65A62005FB573 /* EditReferenceAuthorCell.swift */,
			);
			name = EditReferenceAuthorCell;
			sourceTree = "<group>";
		};
/* End PBXGroup section */

/* Begin PBXNativeTarget section */
		2C51C6F61AA184F1006C199A /* EasyReference-IOS */ = {
			isa = PBXNativeTarget;
			buildConfigurationList = 2C51C7191AA184F2006C199A /* Build configuration list for PBXNativeTarget "EasyReference-IOS" */;
			buildPhases = (
				2C51C6F31AA184F1006C199A /* Sources */,
				2C51C6F41AA184F1006C199A /* Frameworks */,
				2C51C6F51AA184F1006C199A /* Resources */,
			);
			buildRules = (
			);
			dependencies = (
			);
			name = "EasyReference-IOS";
			productName = "EasyReference-IOS";
			productReference = 2C51C6F71AA184F1006C199A /* EasyReference-IOS.app */;
			productType = "com.apple.product-type.application";
		};
		2C51C70E1AA184F2006C199A /* EasyReference-IOSTests */ = {
			isa = PBXNativeTarget;
			buildConfigurationList = 2C51C71C1AA184F2006C199A /* Build configuration list for PBXNativeTarget "EasyReference-IOSTests" */;
			buildPhases = (
				2C51C70B1AA184F2006C199A /* Sources */,
				2C51C70C1AA184F2006C199A /* Frameworks */,
				2C51C70D1AA184F2006C199A /* Resources */,
			);
			buildRules = (
			);
			dependencies = (
				2C51C7111AA184F2006C199A /* PBXTargetDependency */,
			);
			name = "EasyReference-IOSTests";
			productName = "EasyReference-IOSTests";
			productReference = 2C51C70F1AA184F2006C199A /* EasyReference-IOSTests.xctest */;
			productType = "com.apple.product-type.bundle.unit-test";
		};
/* End PBXNativeTarget section */

/* Begin PBXProject section */
		2C51C6EF1AA184F1006C199A /* Project object */ = {
			isa = PBXProject;
			attributes = {
				LastUpgradeCheck = 0610;
				ORGANIZATIONNAME = Marcus;
				TargetAttributes = {
					2C51C6F61AA184F1006C199A = {
						CreatedOnToolsVersion = 6.1.1;
						DevelopmentTeam = 82LCG483Z7;
					};
					2C51C70E1AA184F2006C199A = {
						CreatedOnToolsVersion = 6.1.1;
						TestTargetID = 2C51C6F61AA184F1006C199A;
					};
				};
			};
			buildConfigurationList = 2C51C6F21AA184F1006C199A /* Build configuration list for PBXProject "EasyReference-IOS" */;
			compatibilityVersion = "Xcode 3.2";
			developmentRegion = English;
			hasScannedForEncodings = 0;
			knownRegions = (
				en,
				Base,
			);
			mainGroup = 2C51C6EE1AA184F1006C199A;
			productRefGroup = 2C51C6F81AA184F1006C199A /* Products */;
			projectDirPath = "";
			projectRoot = "";
			targets = (
				2C51C6F61AA184F1006C199A /* EasyReference-IOS */,
				2C51C70E1AA184F2006C199A /* EasyReference-IOSTests */,
			);
		};
/* End PBXProject section */

/* Begin PBXResourcesBuildPhase section */
		2C51C6F51AA184F1006C199A /* Resources */ = {
			isa = PBXResourcesBuildPhase;
			buildActionMask = 2147483647;
			files = (
				2CD304171AD0D46A00F5536A /* icon_journal.png in Resources */,
				2CCA0CAE1AB594FB005D3231 /* ReferenceListHeaderCell.xib in Resources */,
				2CD304131AD0D45800F5536A /* icon_book_chapter.png in Resources */,
				2CC966E01ABAE1F900087CA2 /* ReferenceTypeCell.xib in Resources */,
				2CD304151AD0D46300F5536A /* icon_book.png in Resources */,
				2C51C7051AA184F2006C199A /* Main.storyboard in Resources */,
				2C51C70A1AA184F2006C199A /* LaunchScreen.xib in Resources */,
				2CD304191AD0D47100F5536A /* webpage.png in Resources */,
				2C51C7071AA184F2006C199A /* Images.xcassets in Resources */,
				2CE6F8181AC65140005FB573 /* EditReferenceAuthorCell.xib in Resources */,
				2C09D2B81AFE30FD0005485E /* icon_edit.png in Resources */,
				2CE6F8161AC65130005FB573 /* EditReferenceCell.xib in Resources */,
			);
			runOnlyForDeploymentPostprocessing = 0;
		};
		2C51C70D1AA184F2006C199A /* Resources */ = {
			isa = PBXResourcesBuildPhase;
			buildActionMask = 2147483647;
			files = (
			);
			runOnlyForDeploymentPostprocessing = 0;
		};
/* End PBXResourcesBuildPhase section */

/* Begin PBXSourcesBuildPhase section */
		2C51C6F31AA184F1006C199A /* Sources */ = {
			isa = PBXSourcesBuildPhase;
			buildActionMask = 2147483647;
			files = (
				2CB5CFB91AA2A244003A808A /* ReferenceListView.swift in Sources */,
				2C51C7021AA184F2006C199A /* MainViewController.swift in Sources */,
				2CBE2F6D1AA1DD120095F95B /* ReferenceList.swift in Sources */,
				2CE6F81D1AC65A62005FB573 /* EditReferenceAuthorCell.swift in Sources */,
				2C66B6841AF4F39900C2EEA4 /* CellSlideInTop.swift in Sources */,
				2C51C6FD1AA184F1006C199A /* AppDelegate.swift in Sources */,
				2CBE07FE1AB9A5C300379611 /* ReferenceTypeCell.swift in Sources */,
				2CB1B7C41AB6FFA40018E962 /* AddAuthorViewController.swift in Sources */,
				2CC966E51ABAE82000087CA2 /* SelectReferenceTypeViewController.swift in Sources */,
				2CCA0CB01AB5969A005D3231 /* ReferenceListHeaderCell.swift in Sources */,
				2C09D2AB1AFDCF820005485E /* PDFViewController.swift in Sources */,
				2C0624721AA2FB4400C902D6 /* EditReferenceView.swift in Sources */,
				2C51C7001AA184F2006C199A /* EasyReference_IOS.xcdatamodeld in Sources */,
				2C09D2B61AFE235D0005485E /* ReferenceListCell.swift in Sources */,
				2CBE2F6F1AA1DD560095F95B /* ReferenceItem.swift in Sources */,
				2CE6F81B1AC658B1005FB573 /* EditReferenceCell.swift in Sources */,
			);
			runOnlyForDeploymentPostprocessing = 0;
		};
		2C51C70B1AA184F2006C199A /* Sources */ = {
			isa = PBXSourcesBuildPhase;
			buildActionMask = 2147483647;
			files = (
				2C51C7161AA184F2006C199A /* EasyReference_IOSTests.swift in Sources */,
			);
			runOnlyForDeploymentPostprocessing = 0;
		};
/* End PBXSourcesBuildPhase section */

/* Begin PBXTargetDependency section */
		2C51C7111AA184F2006C199A /* PBXTargetDependency */ = {
			isa = PBXTargetDependency;
			target = 2C51C6F61AA184F1006C199A /* EasyReference-IOS */;
			targetProxy = 2C51C7101AA184F2006C199A /* PBXContainerItemProxy */;
		};
/* End PBXTargetDependency section */

/* Begin PBXVariantGroup section */
		2C51C7031AA184F2006C199A /* Main.storyboard */ = {
			isa = PBXVariantGroup;
			children = (
				2C51C7041AA184F2006C199A /* Base */,
			);
			name = Main.storyboard;
			sourceTree = "<group>";
		};
		2C51C7081AA184F2006C199A /* LaunchScreen.xib */ = {
			isa = PBXVariantGroup;
			children = (
				2C51C7091AA184F2006C199A /* Base */,
			);
			name = LaunchScreen.xib;
			sourceTree = "<group>";
		};
/* End PBXVariantGroup section */

/* Begin XCBuildConfiguration section */
		2C51C7171AA184F2006C199A /* Debug */ = {
			isa = XCBuildConfiguration;
			buildSettings = {
				ALWAYS_SEARCH_USER_PATHS = NO;
				CLANG_CXX_LANGUAGE_STANDARD = "gnu++0x";
				CLANG_CXX_LIBRARY = "libc++";
				CLANG_ENABLE_MODULES = YES;
				CLANG_ENABLE_OBJC_ARC = YES;
				CLANG_WARN_BOOL_CONVERSION = YES;
				CLANG_WARN_CONSTANT_CONVERSION = YES;
				CLANG_WARN_DIRECT_OBJC_ISA_USAGE = YES_ERROR;
				CLANG_WARN_EMPTY_BODY = YES;
				CLANG_WARN_ENUM_CONVERSION = YES;
				CLANG_WARN_INT_CONVERSION = YES;
				CLANG_WARN_OBJC_ROOT_CLASS = YES_ERROR;
				CLANG_WARN_UNREACHABLE_CODE = YES;
				CLANG_WARN__DUPLICATE_METHOD_MATCH = YES;
				"CODE_SIGN_IDENTITY[sdk=iphoneos*]" = "iPhone Developer";
				COPY_PHASE_STRIP = NO;
				ENABLE_STRICT_OBJC_MSGSEND = YES;
				GCC_C_LANGUAGE_STANDARD = gnu99;
				GCC_DYNAMIC_NO_PIC = NO;
				GCC_OPTIMIZATION_LEVEL = 0;
				GCC_PREPROCESSOR_DEFINITIONS = (
					"DEBUG=1",
					"$(inherited)",
				);
				GCC_SYMBOLS_PRIVATE_EXTERN = NO;
				GCC_WARN_64_TO_32_BIT_CONVERSION = YES;
				GCC_WARN_ABOUT_RETURN_TYPE = YES_ERROR;
				GCC_WARN_UNDECLARED_SELECTOR = YES;
				GCC_WARN_UNINITIALIZED_AUTOS = YES_AGGRESSIVE;
				GCC_WARN_UNUSED_FUNCTION = YES;
				GCC_WARN_UNUSED_VARIABLE = YES;
				IPHONEOS_DEPLOYMENT_TARGET = 8.1;
				MTL_ENABLE_DEBUG_INFO = YES;
				ONLY_ACTIVE_ARCH = YES;
				SDKROOT = iphoneos;
				SWIFT_OPTIMIZATION_LEVEL = "-Onone";
				TARGETED_DEVICE_FAMILY = "1,2";
			};
			name = Debug;
		};
		2C51C7181AA184F2006C199A /* Release */ = {
			isa = XCBuildConfiguration;
			buildSettings = {
				ALWAYS_SEARCH_USER_PATHS = NO;
				CLANG_CXX_LANGUAGE_STANDARD = "gnu++0x";
				CLANG_CXX_LIBRARY = "libc++";
				CLANG_ENABLE_MODULES = YES;
				CLANG_ENABLE_OBJC_ARC = YES;
				CLANG_WARN_BOOL_CONVERSION = YES;
				CLANG_WARN_CONSTANT_CONVERSION = YES;
				CLANG_WARN_DIRECT_OBJC_ISA_USAGE = YES_ERROR;
				CLANG_WARN_EMPTY_BODY = YES;
				CLANG_WARN_ENUM_CONVERSION = YES;
				CLANG_WARN_INT_CONVERSION = YES;
				CLANG_WARN_OBJC_ROOT_CLASS = YES_ERROR;
				CLANG_WARN_UNREACHABLE_CODE = YES;
				CLANG_WARN__DUPLICATE_METHOD_MATCH = YES;
				"CODE_SIGN_IDENTITY[sdk=iphoneos*]" = "iPhone Developer";
				COPY_PHASE_STRIP = YES;
				ENABLE_NS_ASSERTIONS = NO;
				ENABLE_STRICT_OBJC_MSGSEND = YES;
				GCC_C_LANGUAGE_STANDARD = gnu99;
				GCC_WARN_64_TO_32_BIT_CONVERSION = YES;
				GCC_WARN_ABOUT_RETURN_TYPE = YES_ERROR;
				GCC_WARN_UNDECLARED_SELECTOR = YES;
				GCC_WARN_UNINITIALIZED_AUTOS = YES_AGGRESSIVE;
				GCC_WARN_UNUSED_FUNCTION = YES;
				GCC_WARN_UNUSED_VARIABLE = YES;
				IPHONEOS_DEPLOYMENT_TARGET = 8.1;
				MTL_ENABLE_DEBUG_INFO = NO;
				SDKROOT = iphoneos;
				TARGETED_DEVICE_FAMILY = "1,2";
				VALIDATE_PRODUCT = YES;
			};
			name = Release;
		};
		2C51C71A1AA184F2006C199A /* Debug */ = {
			isa = XCBuildConfiguration;
			buildSettings = {
				ASSETCATALOG_COMPILER_APPICON_NAME = AppIcon;
				CODE_SIGN_IDENTITY = "iPhone Developer";
				"CODE_SIGN_IDENTITY[sdk=iphoneos*]" = "iPhone Developer";
				INFOPLIST_FILE = "EasyReference-IOS/Info.plist";
				LD_RUNPATH_SEARCH_PATHS = "$(inherited) @executable_path/Frameworks";
				PRODUCT_NAME = "$(TARGET_NAME)";
				PROVISIONING_PROFILE = "";
			};
			name = Debug;
		};
		2C51C71B1AA184F2006C199A /* Release */ = {
			isa = XCBuildConfiguration;
			buildSettings = {
				ASSETCATALOG_COMPILER_APPICON_NAME = AppIcon;
				CODE_SIGN_IDENTITY = "iPhone Developer";
				"CODE_SIGN_IDENTITY[sdk=iphoneos*]" = "iPhone Developer";
				INFOPLIST_FILE = "EasyReference-IOS/Info.plist";
				LD_RUNPATH_SEARCH_PATHS = "$(inherited) @executable_path/Frameworks";
				PRODUCT_NAME = "$(TARGET_NAME)";
				PROVISIONING_PROFILE = "";
			};
			name = Release;
		};
		2C51C71D1AA184F2006C199A /* Debug */ = {
			isa = XCBuildConfiguration;
			buildSettings = {
				BUNDLE_LOADER = "$(TEST_HOST)";
				FRAMEWORK_SEARCH_PATHS = (
					"$(SDKROOT)/Developer/Library/Frameworks",
					"$(inherited)",
				);
				GCC_PREPROCESSOR_DEFINITIONS = (
					"DEBUG=1",
					"$(inherited)",
				);
				INFOPLIST_FILE = "EasyReference-IOSTests/Info.plist";
				LD_RUNPATH_SEARCH_PATHS = "$(inherited) @executable_path/Frameworks @loader_path/Frameworks";
				PRODUCT_NAME = "$(TARGET_NAME)";
				TEST_HOST = "$(BUILT_PRODUCTS_DIR)/EasyReference-IOS.app/EasyReference-IOS";
			};
			name = Debug;
		};
		2C51C71E1AA184F2006C199A /* Release */ = {
			isa = XCBuildConfiguration;
			buildSettings = {
				BUNDLE_LOADER = "$(TEST_HOST)";
				FRAMEWORK_SEARCH_PATHS = (
					"$(SDKROOT)/Developer/Library/Frameworks",
					"$(inherited)",
				);
				INFOPLIST_FILE = "EasyReference-IOSTests/Info.plist";
				LD_RUNPATH_SEARCH_PATHS = "$(inherited) @executable_path/Frameworks @loader_path/Frameworks";
				PRODUCT_NAME = "$(TARGET_NAME)";
				TEST_HOST = "$(BUILT_PRODUCTS_DIR)/EasyReference-IOS.app/EasyReference-IOS";
			};
			name = Release;
		};
/* End XCBuildConfiguration section */

/* Begin XCConfigurationList section */
		2C51C6F21AA184F1006C199A /* Build configuration list for PBXProject "EasyReference-IOS" */ = {
			isa = XCConfigurationList;
			buildConfigurations = (
				2C51C7171AA184F2006C199A /* Debug */,
				2C51C7181AA184F2006C199A /* Release */,
			);
			defaultConfigurationIsVisible = 0;
			defaultConfigurationName = Release;
		};
		2C51C7191AA184F2006C199A /* Build configuration list for PBXNativeTarget "EasyReference-IOS" */ = {
			isa = XCConfigurationList;
			buildConfigurations = (
				2C51C71A1AA184F2006C199A /* Debug */,
				2C51C71B1AA184F2006C199A /* Release */,
			);
			defaultConfigurationIsVisible = 0;
			defaultConfigurationName = Release;
		};
		2C51C71C1AA184F2006C199A /* Build configuration list for PBXNativeTarget "EasyReference-IOSTests" */ = {
			isa = XCConfigurationList;
			buildConfigurations = (
				2C51C71D1AA184F2006C199A /* Debug */,
				2C51C71E1AA184F2006C199A /* Release */,
			);
			defaultConfigurationIsVisible = 0;
			defaultConfigurationName = Release;
		};
/* End XCConfigurationList section */

/* Begin XCVersionGroup section */
		2C51C6FE1AA184F2006C199A /* EasyReference_IOS.xcdatamodeld */ = {
			isa = XCVersionGroup;
			children = (
				2C51C6FF1AA184F2006C199A /* EasyReference_IOS.xcdatamodel */,
			);
			currentVersion = 2C51C6FF1AA184F2006C199A /* EasyReference_IOS.xcdatamodel */;
			path = EasyReference_IOS.xcdatamodeld;
			sourceTree = "<group>";
			versionGroupType = wrapper.xcdatamodel;
		};
/* End XCVersionGroup section */
	};
	rootObject = 2C51C6EF1AA184F1006C199A /* Project object */;
}
